
Microsoft Visual Studio Solution File, Format Version 12.00
# Visual Studio Version 17
VisualStudioVersion = 17.3.32825.248
MinimumVisualStudioVersion = 10.0.40219.1
Project("{FAE04EC0-301F-11D3-BF4B-00C04F79EFBC}") = "StudentSerialization", "StudentSerialization\StudentSerialization.csproj", "{DBAED2CC-F118-4FB0-9A32-A2899B7D7A4D}"
EndProject
Global
	GlobalSection(SolutionConfigurationPlatforms) = preSolution
		Debug|Any CPU = Debug|Any CPU
		Release|Any CPU = Release|Any CPU
	EndGlobalSection
	GlobalSection(ProjectConfigurationPlatforms) = postSolution
		{DBAED2CC-F118-4FB0-9A32-A2899B7D7A4D}.Debug|Any CPU.ActiveCfg = Debug|Any CPU
		{DBAED2CC-F118-4FB0-9A32-A2899B7D7A4D}.Debug|Any CPU.Build.0 = Debug|Any CPU
		{DBAED2CC-F118-4FB0-9A32-A2899B7D7A4D}.Release|Any CPU.ActiveCfg = Release|Any CPU
		{DBAED2CC-F118-4FB0-9A32-A2899B7D7A4D}.Release|Any CPU.Build.0 = Release|Any CPU
	EndGlobalSection
	GlobalSection(SolutionProperties) = preSolution
		HideSolutionNode = FALSE
	EndGlobalSection
	GlobalSection(ExtensibilityGlobals) = postSolution
		SolutionGuid = {F5756FEB-BC10-49E7-81D2-93F76F645743}
	EndGlobalSection
EndGlobal
